// !$*UTF8*$!
{
	archiveVersion = 1;
	classes = {
	};
	objectVersion = 46;
	objects = {

/* Begin PBXBuildFile section */
		72BF18F51D00EE3900AFB4C8 /* main.m in Sources */ = {isa = PBXBuildFile; fileRef = 72BF18F41D00EE3900AFB4C8 /* main.m */; };
		72BF18F81D00EE3900AFB4C8 /* AppDelegate.m in Sources */ = {isa = PBXBuildFile; fileRef = 72BF18F71D00EE3900AFB4C8 /* AppDelegate.m */; };
		72BF18FB1D00EE3900AFB4C8 /* ViewController.m in Sources */ = {isa = PBXBuildFile; fileRef = 72BF18FA1D00EE3900AFB4C8 /* ViewController.m */; };
		72BF18FE1D00EE3900AFB4C8 /* Main.storyboard in Resources */ = {isa = PBXBuildFile; fileRef = 72BF18FC1D00EE3900AFB4C8 /* Main.storyboard */; };
		72BF19001D00EE3900AFB4C8 /* Images.xcassets in Resources */ = {isa = PBXBuildFile; fileRef = 72BF18FF1D00EE3900AFB4C8 /* Images.xcassets */; };
		72BF19031D00EE3900AFB4C8 /* LaunchScreen.xib in Resources */ = {isa = PBXBuildFile; fileRef = 72BF19011D00EE3900AFB4C8 /* LaunchScreen.xib */; };
		72BF190F1D00EE3900AFB4C8 /* Lesson4InterviewAppTests.m in Sources */ = {isa = PBXBuildFile; fileRef = 72BF190E1D00EE3900AFB4C8 /* Lesson4InterviewAppTests.m */; };
		72BF19191D00FD0B00AFB4C8 /* readme.txt in Resources */ = {isa = PBXBuildFile; fileRef = 72BF19181D00FD0B00AFB4C8 /* readme.txt */; };
/* End PBXBuildFile section */

/* Begin PBXContainerItemProxy section */
		72BF19091D00EE3900AFB4C8 /* PBXContainerItemProxy */ = {
			isa = PBXContainerItemProxy;
			containerPortal = 72BF18E71D00EE3900AFB4C8 /* Project object */;
			proxyType = 1;
			remoteGlobalIDString = 72BF18EE1D00EE3900AFB4C8;
			remoteInfo = Lesson4InterviewApp;
		};
/* End PBXContainerItemProxy section */

/* Begin PBXFileReference section */
		72BF18EF1D00EE3900AFB4C8 /* Lesson4InterviewApp.app */ = {isa = PBXFileReference; explicitFileType = wrapper.application; includeInIndex = 0; path = Lesson4InterviewApp.app; sourceTree = BUILT_PRODUCTS_DIR; };
		72BF18F31D00EE3900AFB4C8 /* Info.plist */ = {isa = PBXFileReference; lastKnownFileType = text.plist.xml; path = Info.plist; sourceTree = "<group>"; };
		72BF18F41D00EE3900AFB4C8 /* main.m */ = {isa = PBXFileReference; lastKnownFileType = sourcecode.c.objc; path = main.m; sourceTree = "<group>"; };
		72BF18F61D00EE3900AFB4C8 /* AppDelegate.h */ = {isa = PBXFileReference; lastKnownFileType = sourcecode.c.h; path = AppDelegate.h; sourceTree = "<group>"; };
		72BF18F71D00EE3900AFB4C8 /* AppDelegate.m */ = {isa = PBXFileReference; lastKnownFileType = sourcecode.c.objc; path = AppDelegate.m; sourceTree = "<group>"; };
		72BF18F91D00EE3900AFB4C8 /* ViewController.h */ = {isa = PBXFileReference; lastKnownFileType = sourcecode.c.h; path = ViewController.h; sourceTree = "<group>"; };
		72BF18FA1D00EE3900AFB4C8 /* ViewController.m */ = {isa = PBXFileReference; lastKnownFileType = sourcecode.c.objc; path = ViewController.m; sourceTree = "<group>"; };
		72BF18FD1D00EE3900AFB4C8 /* Base */ = {isa = PBXFileReference; lastKnownFileType = file.storyboard; name = Base; path = Base.lproj/Main.storyboard; sourceTree = "<group>"; };
		72BF18FF1D00EE3900AFB4C8 /* Images.xcassets */ = {isa = PBXFileReference; lastKnownFileType = folder.assetcatalog; path = Images.xcassets; sourceTree = "<group>"; };
		72BF19021D00EE3900AFB4C8 /* Base */ = {isa = PBXFileReference; lastKnownFileType = file.xib; name = Base; path = Base.lproj/LaunchScreen.xib; sourceTree = "<group>"; };
		72BF19081D00EE3900AFB4C8 /* Lesson4InterviewAppTests.xctest */ = {isa = PBXFileReference; explicitFileType = wrapper.cfbundle; includeInIndex = 0; path = Lesson4InterviewAppTests.xctest; sourceTree = BUILT_PRODUCTS_DIR; };
		72BF190D1D00EE3900AFB4C8 /* Info.plist */ = {isa = PBXFileReference; lastKnownFileType = text.plist.xml; path = Info.plist; sourceTree = "<group>"; };
		72BF190E1D00EE3900AFB4C8 /* Lesson4InterviewAppTests.m */ = {isa = PBXFileReference; lastKnownFileType = sourcecode.c.objc; path = Lesson4InterviewAppTests.m; sourceTree = "<group>"; };
		72BF19181D00FD0B00AFB4C8 /* readme.txt */ = {isa = PBXFileReference; fileEncoding = 4; lastKnownFileType = text; path = readme.txt; sourceTree = "<group>"; };
/* End PBXFileReference section */

/* Begin PBXFrameworksBuildPhase section */
		72BF18EC1D00EE3900AFB4C8 /* Frameworks */ = {
			isa = PBXFrameworksBuildPhase;
			buildActionMask = 2147483647;
			files = (
			);
			runOnlyForDeploymentPostprocessing = 0;
		};
		72BF19051D00EE3900AFB4C8 /* Frameworks */ = {
			isa = PBXFrameworksBuildPhase;
			buildActionMask = 2147483647;
			files = (
			);
			runOnlyForDeploymentPostprocessing = 0;
		};
/* End PBXFrameworksBuildPhase section */

/* Begin PBXGroup section */
		72BF18E61D00EE3800AFB4C8 = {
			isa = PBXGroup;
			children = (
				72BF18F11D00EE3900AFB4C8 /* Lesson4InterviewApp */,
				72BF190B1D00EE3900AFB4C8 /* Lesson4InterviewAppTests */,
				72BF18F01D00EE3900AFB4C8 /* Products */,
			);
			sourceTree = "<group>";
		};
		72BF18F01D00EE3900AFB4C8 /* Products */ = {
			isa = PBXGroup;
			children = (
				72BF18EF1D00EE3900AFB4C8 /* Lesson4InterviewApp.app */,
				72BF19081D00EE3900AFB4C8 /* Lesson4InterviewAppTests.xctest */,
			);
			name = Products;
			sourceTree = "<group>";
		};
		72BF18F11D00EE3900AFB4C8 /* Lesson4InterviewApp */ = {
			isa = PBXGroup;
			children = (
				72BF18F61D00EE3900AFB4C8 /* AppDelegate.h */,
				72BF18F71D00EE3900AFB4C8 /* AppDelegate.m */,
				72BF18F91D00EE3900AFB4C8 /* ViewController.h */,
				72BF18FA1D00EE3900AFB4C8 /* ViewController.m */,
				72BF19181D00FD0B00AFB4C8 /* readme.txt */,
				72BF18FC1D00EE3900AFB4C8 /* Main.storyboard */,
				72BF18FF1D00EE3900AFB4C8 /* Images.xcassets */,
				72BF19011D00EE3900AFB4C8 /* LaunchScreen.xib */,
				72BF18F21D00EE3900AFB4C8 /* Supporting Files */,
			);
			path = Lesson4InterviewApp;
			sourceTree = "<group>";
		};
		72BF18F21D00EE3900AFB4C8 /* Supporting Files */ = {
			isa = PBXGroup;
			children = (
				72BF18F31D00EE3900AFB4C8 /* Info.plist */,
				72BF18F41D00EE3900AFB4C8 /* main.m */,
			);
			name = "Supporting Files";
			sourceTree = "<group>";
		};
		72BF190B1D00EE3900AFB4C8 /* Lesson4InterviewAppTests */ = {
			isa = PBXGroup;
			children = (
				72BF190E1D00EE3900AFB4C8 /* Lesson4InterviewAppTests.m */,
				72BF190C1D00EE3900AFB4C8 /* Supporting Files */,
			);
			path = Lesson4InterviewAppTests;
			sourceTree = "<group>";
		};
		72BF190C1D00EE3900AFB4C8 /* Supporting Files */ = {
			isa = PBXGroup;
			children = (
				72BF190D1D00EE3900AFB4C8 /* Info.plist */,
			);
			name = "Supporting Files";
			sourceTree = "<group>";
		};
/* End PBXGroup section */

/* Begin PBXNativeTarget section */
		72BF18EE1D00EE3900AFB4C8 /* Lesson4InterviewApp */ = {
			isa = PBXNativeTarget;
			buildConfigurationList = 72BF19121D00EE3900AFB4C8 /* Build configuration list for PBXNativeTarget "Lesson4InterviewApp" */;
			buildPhases = (
				72BF18EB1D00EE3900AFB4C8 /* Sources */,
				72BF18EC1D00EE3900AFB4C8 /* Frameworks */,
				72BF18ED1D00EE3900AFB4C8 /* Resources */,
			);
			buildRules = (
			);
			dependencies = (
			);
			name = Lesson4InterviewApp;
			productName = Lesson4InterviewApp;
			productReference = 72BF18EF1D00EE3900AFB4C8 /* Lesson4InterviewApp.app */;
			productType = "com.apple.product-type.application";
		};
		72BF19071D00EE3900AFB4C8 /* Lesson4InterviewAppTests */ = {
			isa = PBXNativeTarget;
			buildConfigurationList = 72BF19151D00EE3900AFB4C8 /* Build configuration list for PBXNativeTarget "Lesson4InterviewAppTests" */;
			buildPhases = (
				72BF19041D00EE3900AFB4C8 /* Sources */,
				72BF19051D00EE3900AFB4C8 /* Frameworks */,
				72BF19061D00EE3900AFB4C8 /* Resources */,
			);
			buildRules = (
			);
			dependencies = (
				72BF190A1D00EE3900AFB4C8 /* PBXTargetDependency */,
			);
			name = Lesson4InterviewAppTests;
			productName = Lesson4InterviewAppTests;
			productReference = 72BF19081D00EE3900AFB4C8 /* Lesson4InterviewAppTests.xctest */;
			productType = "com.apple.product-type.bundle.unit-test";
		};
/* End PBXNativeTarget section */

/* Begin PBXProject section */
		72BF18E71D00EE3900AFB4C8 /* Project object */ = {
			isa = PBXProject;
			attributes = {
				LastUpgradeCheck = 0640;
				ORGANIZATIONNAME = "Frederik Nygaard";
				TargetAttributes = {
					72BF18EE1D00EE3900AFB4C8 = {
						CreatedOnToolsVersion = 6.4;
					};
					72BF19071D00EE3900AFB4C8 = {
						CreatedOnToolsVersion = 6.4;
						TestTargetID = 72BF18EE1D00EE3900AFB4C8;
					};
				};
			};
			buildConfigurationList = 72BF18EA1D00EE3900AFB4C8 /* Build configuration list for PBXProject "Lesson4InterviewApp" */;
			compatibilityVersion = "Xcode 3.2";
			developmentRegion = English;
			hasScannedForEncodings = 0;
			knownRegions = (
				en,
				Base,
			);
			mainGroup = 72BF18E61D00EE3800AFB4C8;
			productRefGroup = 72BF18F01D00EE3900AFB4C8 /* Products */;
			projectDirPath = "";
			projectRoot = "";
			targets = (
				72BF18EE1D00EE3900AFB4C8 /* Lesson4InterviewApp */,
				72BF19071D00EE3900AFB4C8 /* Lesson4InterviewAppTests */,
			);
		};
/* End PBXProject section */

/* Begin PBXResourcesBuildPhase section */
		72BF18ED1D00EE3900AFB4C8 /* Resources */ = {
			isa = PBXResourcesBuildPhase;
			buildActionMask = 2147483647;
			files = (
				72BF18FE1D00EE3900AFB4C8 /* Main.storyboard in Resources */,
				72BF19031D00EE3900AFB4C8 /* LaunchScreen.xib in Resources */,
				72BF19191D00FD0B00AFB4C8 /* readme.txt in Resources */,
				72BF19001D00EE3900AFB4C8 /* Images.xcassets in Resources */,
			);
			runOnlyForDeploymentPostprocessing = 0;
		};
		72BF19061D00EE3900AFB4C8 /* Resources */ = {
			isa = PBXResourcesBuildPhase;
			buildActionMask = 2147483647;
			files = (
			);
			runOnlyForDeploymentPostprocessing = 0;
		};
/* End PBXResourcesBuildPhase section */

/* Begin PBXSourcesBuildPhase section */
		72BF18EB1D00EE3900AFB4C8 /* Sources */ = {
			isa = PBXSourcesBuildPhase;
			buildActionMask = 2147483647;
			files = (
				72BF18FB1D00EE3900AFB4C8 /* ViewController.m in Sources */,
				72BF18F81D00EE3900AFB4C8 /* AppDelegate.m in Sources */,
				72BF18F51D00EE3900AFB4C8 /* main.m in Sources */,
			);
			runOnlyForDeploymentPostprocessing = 0;
		};
		72BF19041D00EE3900AFB4C8 /* Sources */ = {
			isa = PBXSourcesBuildPhase;
			buildActionMask = 2147483647;
			files = (
				72BF190F1D00EE3900AFB4C8 /* Lesson4InterviewAppTests.m in Sources */,
			);
			runOnlyForDeploymentPostprocessing = 0;
		};
/* End PBXSourcesBuildPhase section */

/* Begin PBXTargetDependency section */
		72BF190A1D00EE3900AFB4C8 /* PBXTargetDependency */ = {
			isa = PBXTargetDependency;
			target = 72BF18EE1D00EE3900AFB4C8 /* Lesson4InterviewApp */;
			targetProxy = 72BF19091D00EE3900AFB4C8 /* PBXContainerItemProxy */;
		};
/* End PBXTargetDependency section */

/* Begin PBXVariantGroup section */
		72BF18FC1D00EE3900AFB4C8 /* Main.storyboard */ = {
			isa = PBXVariantGroup;
			children = (
				72BF18FD1D00EE3900AFB4C8 /* Base */,
			);
			name = Main.storyboard;
			sourceTree = "<group>";
		};
		72BF19011D00EE3900AFB4C8 /* LaunchScreen.xib */ = {
			isa = PBXVariantGroup;
			children = (
				72BF19021D00EE3900AFB4C8 /* Base */,
			);
			name = LaunchScreen.xib;
			sourceTree = "<group>";
		};
/* End PBXVariantGroup section */

/* Begin XCBuildConfiguration section */
		72BF19101D00EE3900AFB4C8 /* Debug */ = {
			isa = XCBuildConfiguration;
			buildSettings = {
				ALWAYS_SEARCH_USER_PATHS = NO;
				CLANG_CXX_LANGUAGE_STANDARD = "gnu++0x";
				CLANG_CXX_LIBRARY = "libc++";
				CLANG_ENABLE_MODULES = YES;
				CLANG_ENABLE_OBJC_ARC = YES;
				CLANG_WARN_BOOL_CONVERSION = YES;
				CLANG_WARN_CONSTANT_CONVERSION = YES;
				CLANG_WARN_DIRECT_OBJC_ISA_USAGE = YES_ERROR;
				CLANG_WARN_EMPTY_BODY = YES;
				CLANG_WARN_ENUM_CONVERSION = YES;
				CLANG_WARN_INT_CONVERSION = YES;
				CLANG_WARN_OBJC_ROOT_CLASS = YES_ERROR;
				CLANG_WARN_UNREACHABLE_CODE = YES;
				CLANG_WARN__DUPLICATE_METHOD_MATCH = YES;
				"CODE_SIGN_IDENTITY[sdk=iphoneos*]" = "iPhone Developer";
				COPY_PHASE_STRIP = NO;
				DEBUG_INFORMATION_FORMAT = "dwarf-with-dsym";
				ENABLE_STRICT_OBJC_MSGSEND = YES;
				GCC_C_LANGUAGE_STANDARD = gnu99;
				GCC_DYNAMIC_NO_PIC = NO;
				GCC_NO_COMMON_BLOCKS = YES;
				GCC_OPTIMIZATION_LEVEL = 0;
				GCC_PREPROCESSOR_DEFINITIONS = (
					"DEBUG=1",
					"$(inherited)",
				);
				GCC_SYMBOLS_PRIVATE_EXTERN = NO;
				GCC_WARN_64_TO_32_BIT_CONVERSION = YES;
				GCC_WARN_ABOUT_RETURN_TYPE = YES_ERROR;
				GCC_WARN_UNDECLARED_SELECTOR = YES;
				GCC_WARN_UNINITIALIZED_AUTOS = YES_AGGRESSIVE;
				GCC_WARN_UNUSED_FUNCTION = YES;
				GCC_WARN_UNUSED_VARIABLE = YES;
				IPHONEOS_DEPLOYMENT_TARGET = 8.4;
				MTL_ENABLE_DEBUG_INFO = YES;
				ONLY_ACTIVE_ARCH = YES;
				SDKROOT = iphoneos;
				TARGETED_DEVICE_FAMILY = "1,2";
			};
			name = Debug;
		};
		72BF19111D00EE3900AFB4C8 /* Release */ = {
			isa = XCBuildConfiguration;
			buildSettings = {
				ALWAYS_SEARCH_USER_PATHS = NO;
				CLANG_CXX_LANGUAGE_STANDARD = "gnu++0x";
				CLANG_CXX_LIBRARY = "libc++";
				CLANG_ENABLE_MODULES = YES;
				CLANG_ENABLE_OBJC_ARC = YES;
				CLANG_WARN_BOOL_CONVERSION = YES;
				CLANG_WARN_CONSTANT_CONVERSION = YES;
				CLANG_WARN_DIRECT_OBJC_ISA_USAGE = YES_ERROR;
				CLANG_WARN_EMPTY_BODY = YES;
				CLANG_WARN_ENUM_CONVERSION = YES;
				CLANG_WARN_INT_CONVERSION = YES;
				CLANG_WARN_OBJC_ROOT_CLASS = YES_ERROR;
				CLANG_WARN_UNREACHABLE_CODE = YES;
				CLANG_WARN__DUPLICATE_METHOD_MATCH = YES;
				"CODE_SIGN_IDENTITY[sdk=iphoneos*]" = "iPhone Developer";
				COPY_PHASE_STRIP = NO;
				DEBUG_INFORMATION_FORMAT = "dwarf-with-dsym";
				ENABLE_NS_ASSERTIONS = NO;
				ENABLE_STRICT_OBJC_MSGSEND = YES;
				GCC_C_LANGUAGE_STANDARD = gnu99;
				GCC_NO_COMMON_BLOCKS = YES;
				GCC_WARN_64_TO_32_BIT_CONVERSION = YES;
				GCC_WARN_ABOUT_RETURN_TYPE = YES_ERROR;
				GCC_WARN_UNDECLARED_SELECTOR = YES;
				GCC_WARN_UNINITIALIZED_AUTOS = YES_AGGRESSIVE;
				GCC_WARN_UNUSED_FUNCTION = YES;
				GCC_WARN_UNUSED_VARIABLE = YES;
				IPHONEOS_DEPLOYMENT_TARGET = 8.4;
				MTL_ENABLE_DEBUG_INFO = NO;
				SDKROOT = iphoneos;
				TARGETED_DEVICE_FAMILY = "1,2";
				VALIDATE_PRODUCT = YES;
			};
			name = Release;
		};
		72BF19131D00EE3900AFB4C8 /* Debug */ = {
			isa = XCBuildConfiguration;
			buildSettings = {
				ASSETCATALOG_COMPILER_APPICON_NAME = AppIcon;
				INFOPLIST_FILE = Lesson4InterviewApp/Info.plist;
				LD_RUNPATH_SEARCH_PATHS = "$(inherited) @executable_path/Frameworks";
				PRODUCT_NAME = "$(TARGET_NAME)";
			};
			name = Debug;
		};
		72BF19141D00EE3900AFB4C8 /* Release */ = {
			isa = XCBuildConfiguration;
			buildSettings = {
				ASSETCATALOG_COMPILER_APPICON_NAME = AppIcon;
				INFOPLIST_FILE = Lesson4InterviewApp/Info.plist;
				LD_RUNPATH_SEARCH_PATHS = "$(inherited) @executable_path/Frameworks";
				PRODUCT_NAME = "$(TARGET_NAME)";
			};
			name = Release;
		};
		72BF19161D00EE3900AFB4C8 /* Debug */ = {
			isa = XCBuildConfiguration;
			buildSettings = {
				BUNDLE_LOADER = "$(TEST_HOST)";
				FRAMEWORK_SEARCH_PATHS = (
					"$(SDKROOT)/Developer/Library/Frameworks",
					"$(inherited)",
				);
				GCC_PREPROCESSOR_DEFINITIONS = (
					"DEBUG=1",
					"$(inherited)",
				);
				INFOPLIST_FILE = Lesson4InterviewAppTests/Info.plist;
				LD_RUNPATH_SEARCH_PATHS = "$(inherited) @executable_path/Frameworks @loader_path/Frameworks";
				PRODUCT_NAME = "$(TARGET_NAME)";
				TEST_HOST = "$(BUILT_PRODUCTS_DIR)/Lesson4InterviewApp.app/Lesson4InterviewApp";
			};
			name = Debug;
		};
		72BF19171D00EE3900AFB4C8 /* Release */ = {
			isa = XCBuildConfiguration;
			buildSettings = {
				BUNDLE_LOADER = "$(TEST_HOST)";
				FRAMEWORK_SEARCH_PATHS = (
					"$(SDKROOT)/Developer/Library/Frameworks",
					"$(inherited)",
				);
				INFOPLIST_FILE = Lesson4InterviewAppTests/Info.plist;
				LD_RUNPATH_SEARCH_PATHS = "$(inherited) @executable_path/Frameworks @loader_path/Frameworks";
				PRODUCT_NAME = "$(TARGET_NAME)";
				TEST_HOST = "$(BUILT_PRODUCTS_DIR)/Lesson4InterviewApp.app/Lesson4InterviewApp";
			};
			name = Release;
		};
/* End XCBuildConfiguration section */

/* Begin XCConfigurationList section */
		72BF18EA1D00EE3900AFB4C8 /* Build configuration list for PBXProject "Lesson4InterviewApp" */ = {
			isa = XCConfigurationList;
			buildConfigurations = (
				72BF19101D00EE3900AFB4C8 /* Debug */,
				72BF19111D00EE3900AFB4C8 /* Release */,
			);
			defaultConfigurationIsVisible = 0;
			defaultConfigurationName = Release;
		};
		72BF19121D00EE3900AFB4C8 /* Build configuration list for PBXNativeTarget "Lesson4InterviewApp" */ = {
			isa = XCConfigurationList;
			buildConfigurations = (
				72BF19131D00EE3900AFB4C8 /* Debug */,
				72BF19141D00EE3900AFB4C8 /* Release */,
			);
			defaultConfigurationIsVisible = 0;
		};
		72BF19151D00EE3900AFB4C8 /* Build configuration list for PBXNativeTarget "Lesson4InterviewAppTests" */ = {
			isa = XCConfigurationList;
			buildConfigurations = (
				72BF19161D00EE3900AFB4C8 /* Debug */,
				72BF19171D00EE3900AFB4C8 /* Release */,
			);
			defaultConfigurationIsVisible = 0;
		};
/* End XCConfigurationList section */
	};
	rootObject = 72BF18E71D00EE3900AFB4C8 /* Project object */;
}
